
Microsoft Visual Studio Solution File, Format Version 12.00
# Visual Studio Version 17
VisualStudioVersion = 17.10.35122.118
MinimumVisualStudioVersion = 10.0.40219.1
Project("{FAE04EC0-301F-11D3-BF4B-00C04F79EFBC}") = "WebAPI", "WebAPI\WebAPI.csproj", "{F5799A76-2A9A-4867-A357-F5365DB8FA58}"
EndProject
Global
	GlobalSection(SolutionConfigurationPlatforms) = preSolution
		Debug|Any CPU = Debug|Any CPU
		Release|Any CPU = Release|Any CPU
	EndGlobalSection
	GlobalSection(ProjectConfigurationPlatforms) = postSolution
		{F5799A76-2A9A-4867-A357-F5365DB8FA58}.Debug|Any CPU.ActiveCfg = Debug|Any CPU
		{F5799A76-2A9A-4867-A357-F5365DB8FA58}.Debug|Any CPU.Build.0 = Debug|Any CPU
		{F5799A76-2A9A-4867-A357-F5365DB8FA58}.Release|Any CPU.ActiveCfg = Release|Any CPU
		{F5799A76-2A9A-4867-A357-F5365DB8FA58}.Release|Any CPU.Build.0 = Release|Any CPU
	EndGlobalSection
	GlobalSection(SolutionProperties) = preSolution
		HideSolutionNode = FALSE
	EndGlobalSection
	GlobalSection(ExtensibilityGlobals) = postSolution
		SolutionGuid = {914284B4-1CD0-4D9A-BC58-3CB881DA1F27}
	EndGlobalSection
EndGlobal
